<?xml version="1.0" encoding="utf-8"?>
<Project ToolsVersion="4.0" xmlns="http://schemas.microsoft.com/developer/msbuild/2003">
  <ItemGroup>
    <Filter Include="Source Files">
      <UniqueIdentifier>{4FC737F1-C7A5-4376-A066-2A32D752A2FF}</UniqueIdentifier>
      <Extensions>cpp;c;cc;cxx;def;odl;idl;hpj;bat;asm;asmx</Extensions>
    </Filter>
    <Filter Include="Header Files">
      <UniqueIdentifier>{93995380-89BD-4b04-88EB-625FBE52EBFB}</UniqueIdentifier>
      <Extensions>h;hh;hpp;hxx;hm;inl;inc;ipp;xsd</Extensions>
    </Filter>
    <Filter Include="Resource Files">
      <UniqueIdentifier>{67DA6AB6-F800-4c08-8B7A-83BB121AAD01}</UniqueIdentifier>
      <Extensions>rc;ico;cur;bmp;dlg;rc2;rct;bin;rgs;gif;jpg;jpeg;jpe;resx;tiff;tif;png;wav;mfcribbon-ms</Extensions>
    </Filter>
  </ItemGroup>
  <ItemGroup>
    <ClCompile Include="..\Halogen2\BitBoard.cpp">
      <Filter>Source Files</Filter>
    </ClCompile>
    <ClCompile Include="..\Halogen2\BitBoardDefine.cpp">
      <Filter>Source Files</Filter>
    </ClCompile>
    <ClCompile Include="..\Halogen2\BoardParamiters.cpp">
      <Filter>Source Files</Filter>
    </ClCompile>
    <ClCompile Include="..\Halogen2\Evaluate.cpp">
      <Filter>Source Files</Filter>
    </ClCompile>
    <ClCompile Include="..\Halogen2\main.cpp">
      <Filter>Source Files</Filter>
    </ClCompile>
    <ClCompile Include="..\Halogen2\Move.cpp">
      <Filter>Source Files</Filter>
    </ClCompile>
    <ClCompile Include="..\Halogen2\MoveGeneration.cpp">
      <Filter>Source Files</Filter>
    </ClCompile>
    <ClCompile Include="..\Halogen2\PieceSquareTables.cpp">
      <Filter>Source Files</Filter>
    </ClCompile>
    <ClCompile Include="..\Halogen2\Position.cpp">
      <Filter>Source Files</Filter>
    </ClCompile>
    <ClCompile Include="..\Halogen2\Random.cpp">
      <Filter>Source Files</Filter>
    </ClCompile>
    <ClCompile Include="..\Halogen2\Search.cpp">
      <Filter>Source Files</Filter>
    </ClCompile>
    <ClCompile Include="..\Halogen2\TimeManage.cpp">
      <Filter>Source Files</Filter>
    </ClCompile>
    <ClCompile Include="..\Halogen2\TranspositionTable.cpp">
      <Filter>Source Files</Filter>
    </ClCompile>
    <ClCompile Include="..\Halogen2\TTEntry.cpp">
      <Filter>Source Files</Filter>
    </ClCompile>
    <ClCompile Include="..\Halogen2\Zobrist.cpp">
      <Filter>Source Files</Filter>
    </ClCompile>
  </ItemGroup>
  <ItemGroup>
    <ClInclude Include="..\Halogen2\BitBoard.h">
      <Filter>Header Files</Filter>
    </ClInclude>
    <ClInclude Include="..\Halogen2\BitBoardDefine.h">
      <Filter>Header Files</Filter>
    </ClInclude>
    <ClInclude Include="..\Halogen2\BoardParamiters.h">
      <Filter>Header Files</Filter>
    </ClInclude>
    <ClInclude Include="..\Halogen2\Evaluate.h">
      <Filter>Header Files</Filter>
    </ClInclude>
    <ClInclude Include="..\Halogen2\Move.h">
      <Filter>Header Files</Filter>
    </ClInclude>
    <ClInclude Include="..\Halogen2\MoveGeneration.h">
      <Filter>Header Files</Filter>
    </ClInclude>
    <ClInclude Include="..\Halogen2\PieceSquareTables.h">
      <Filter>Header Files</Filter>
    </ClInclude>
    <ClInclude Include="..\Halogen2\Position.h">
      <Filter>Header Files</Filter>
    </ClInclude>
    <ClInclude Include="..\Halogen2\Random.h">
      <Filter>Header Files</Filter>
    </ClInclude>
    <ClInclude Include="..\Halogen2\Search.h">
      <Filter>Header Files</Filter>
    </ClInclude>
    <ClInclude Include="..\Halogen2\TimeManage.h">
      <Filter>Header Files</Filter>
    </ClInclude>
    <ClInclude Include="..\Halogen2\TranspositionTable.h">
      <Filter>Header Files</Filter>
    </ClInclude>
    <ClInclude Include="..\Halogen2\TTEntry.h">
      <Filter>Header Files</Filter>
    </ClInclude>
    <ClInclude Include="..\Halogen2\Zobrist.h">
      <Filter>Header Files</Filter>
    </ClInclude>
  </ItemGroup>
</Project>