<?xml version="1.0" encoding="utf-8"?>
<Project ToolsVersion="16.0" xmlns="http://schemas.microsoft.com/developer/msbuild/2003">
  <ItemGroup>
    <ClCompile Include="C:\Users\kiere\source\repos\Halogen\Halogen\src\BitBoard.cpp">
      <Filter>Source Files</Filter>
    </ClCompile>
    <ClCompile Include="C:\Users\kiere\source\repos\Halogen\Halogen\src\BitBoardDefine.cpp">
      <Filter>Source Files</Filter>
    </ClCompile>
    <ClCompile Include="C:\Users\kiere\source\repos\Halogen\Halogen\src\BoardParamiters.cpp">
      <Filter>Source Files</Filter>
    </ClCompile>
    <ClCompile Include="C:\Users\kiere\source\repos\Halogen\Halogen\src\Evaluate.cpp">
      <Filter>Source Files</Filter>
    </ClCompile>
    <ClCompile Include="C:\Users\kiere\source\repos\Halogen\Halogen\src\Move.cpp">
      <Filter>Source Files</Filter>
    </ClCompile>
    <ClCompile Include="C:\Users\kiere\source\repos\Halogen\Halogen\src\MoveGeneration.cpp">
      <Filter>Source Files</Filter>
    </ClCompile>
    <ClCompile Include="C:\Users\kiere\source\repos\Halogen\Halogen\src\PawnHashTable.cpp">
      <Filter>Source Files</Filter>
    </ClCompile>
    <ClCompile Include="C:\Users\kiere\source\repos\Halogen\Halogen\src\PieceSquareTables.cpp">
      <Filter>Source Files</Filter>
    </ClCompile>
    <ClCompile Include="C:\Users\kiere\source\repos\Halogen\Halogen\src\Position.cpp">
      <Filter>Source Files</Filter>
    </ClCompile>
    <ClCompile Include="C:\Users\kiere\source\repos\Halogen\Halogen\src\Random.cpp">
      <Filter>Source Files</Filter>
    </ClCompile>
    <ClCompile Include="C:\Users\kiere\source\repos\Halogen\Halogen\src\Search.cpp">
      <Filter>Source Files</Filter>
    </ClCompile>
    <ClCompile Include="C:\Users\kiere\source\repos\Halogen\Halogen\src\TTEntry.cpp">
      <Filter>Source Files</Filter>
    </ClCompile>
    <ClCompile Include="C:\Users\kiere\source\repos\Halogen\Halogen\src\TimeManage.cpp">
      <Filter>Source Files</Filter>
    </ClCompile>
    <ClCompile Include="C:\Users\kiere\source\repos\Halogen\Halogen\src\TranspositionTable.cpp">
      <Filter>Source Files</Filter>
    </ClCompile>
    <ClCompile Include="C:\Users\kiere\source\repos\Halogen\Halogen\src\Zobrist.cpp">
      <Filter>Source Files</Filter>
    </ClCompile>
    <ClCompile Include="C:\Users\kiere\source\repos\Halogen\Halogen\src\main.cpp">
      <Filter>Source Files</Filter>
    </ClCompile>
  </ItemGroup>
  <ItemGroup>
    <ClInclude Include="C:\Users\kiere\source\repos\Halogen\Halogen\src\Benchmark.h">
      <Filter>Header Files</Filter>
    </ClInclude>
    <ClInclude Include="C:\Users\kiere\source\repos\Halogen\Halogen\src\BitBoard.h">
      <Filter>Header Files</Filter>
    </ClInclude>
    <ClInclude Include="C:\Users\kiere\source\repos\Halogen\Halogen\src\BitBoardDefine.h">
      <Filter>Header Files</Filter>
    </ClInclude>
    <ClInclude Include="C:\Users\kiere\source\repos\Halogen\Halogen\src\BoardParamiters.h">
      <Filter>Header Files</Filter>
    </ClInclude>
    <ClInclude Include="C:\Users\kiere\source\repos\Halogen\Halogen\src\Evaluate.h">
      <Filter>Header Files</Filter>
    </ClInclude>
    <ClInclude Include="C:\Users\kiere\source\repos\Halogen\Halogen\src\Move.h">
      <Filter>Header Files</Filter>
    </ClInclude>
    <ClInclude Include="C:\Users\kiere\source\repos\Halogen\Halogen\src\MoveGeneration.h">
      <Filter>Header Files</Filter>
    </ClInclude>
    <ClInclude Include="C:\Users\kiere\source\repos\Halogen\Halogen\src\PawnHashTable.h">
      <Filter>Header Files</Filter>
    </ClInclude>
    <ClInclude Include="C:\Users\kiere\source\repos\Halogen\Halogen\src\PieceSquareTables.h">
      <Filter>Header Files</Filter>
    </ClInclude>
    <ClInclude Include="C:\Users\kiere\source\repos\Halogen\Halogen\src\Position.h">
      <Filter>Header Files</Filter>
    </ClInclude>
    <ClInclude Include="C:\Users\kiere\source\repos\Halogen\Halogen\src\Random.h">
      <Filter>Header Files</Filter>
    </ClInclude>
    <ClInclude Include="C:\Users\kiere\source\repos\Halogen\Halogen\src\Search.h">
      <Filter>Header Files</Filter>
    </ClInclude>
    <ClInclude Include="C:\Users\kiere\source\repos\Halogen\Halogen\src\TTEntry.h">
      <Filter>Header Files</Filter>
    </ClInclude>
    <ClInclude Include="C:\Users\kiere\source\repos\Halogen\Halogen\src\TimeManage.h">
      <Filter>Header Files</Filter>
    </ClInclude>
    <ClInclude Include="C:\Users\kiere\source\repos\Halogen\Halogen\src\TranspositionTable.h">
      <Filter>Header Files</Filter>
    </ClInclude>
    <ClInclude Include="C:\Users\kiere\source\repos\Halogen\Halogen\src\Zobrist.h">
      <Filter>Header Files</Filter>
    </ClInclude>
  </ItemGroup>
  <ItemGroup>
    <CustomBuild Include="C:\Users\kiere\source\repos\Halogen\Halogen\src\CMakeLists.txt" />
  </ItemGroup>
  <ItemGroup>
    <Filter Include="Header Files">
      <UniqueIdentifier>{E8FBE118-E369-3D1C-B1BF-5DECF9033F22}</UniqueIdentifier>
    </Filter>
    <Filter Include="Source Files">
      <UniqueIdentifier>{FF441BBE-AC43-3E4B-BD8C-D880C399A93F}</UniqueIdentifier>
    </Filter>
  </ItemGroup>
</Project>
