<?xml version="1.0" encoding="utf-8"?>
<Project ToolsVersion="4.0" xmlns="http://schemas.microsoft.com/developer/msbuild/2003">
  <ItemGroup>
    <Filter Include="Source Files">
      <UniqueIdentifier>{4FC737F1-C7A5-4376-A066-2A32D752A2FF}</UniqueIdentifier>
      <Extensions>cpp;c;cc;cxx;def;odl;idl;hpj;bat;asm;asmx</Extensions>
    </Filter>
    <Filter Include="Header Files">
      <UniqueIdentifier>{93995380-89BD-4b04-88EB-625FBE52EBFB}</UniqueIdentifier>
      <Extensions>h;hh;hpp;hxx;hm;inl;inc;ipp;xsd</Extensions>
    </Filter>
    <Filter Include="Resource Files">
      <UniqueIdentifier>{67DA6AB6-F800-4c08-8B7A-83BB121AAD01}</UniqueIdentifier>
      <Extensions>rc;ico;cur;bmp;dlg;rc2;rct;bin;rgs;gif;jpg;jpeg;jpe;resx;tiff;tif;png;wav;mfcribbon-ms</Extensions>
    </Filter>
  </ItemGroup>
  <ItemGroup>
    <ClCompile Include="..\src\BitBoard.cpp">
      <Filter>Source Files</Filter>
    </ClCompile>
    <ClCompile Include="..\src\BitBoardDefine.cpp">
      <Filter>Source Files</Filter>
    </ClCompile>
    <ClCompile Include="..\src\main.cpp">
      <Filter>Source Files</Filter>
    </ClCompile>
    <ClCompile Include="..\src\Move.cpp">
      <Filter>Source Files</Filter>
    </ClCompile>
    <ClCompile Include="..\src\MoveGeneration.cpp">
      <Filter>Source Files</Filter>
    </ClCompile>
    <ClCompile Include="..\src\Position.cpp">
      <Filter>Source Files</Filter>
    </ClCompile>
    <ClCompile Include="..\src\Search.cpp">
      <Filter>Source Files</Filter>
    </ClCompile>
    <ClCompile Include="..\src\TimeManage.cpp">
      <Filter>Source Files</Filter>
    </ClCompile>
    <ClCompile Include="..\src\TranspositionTable.cpp">
      <Filter>Source Files</Filter>
    </ClCompile>
    <ClCompile Include="..\src\TTEntry.cpp">
      <Filter>Source Files</Filter>
    </ClCompile>
    <ClCompile Include="..\src\Zobrist.cpp">
      <Filter>Source Files</Filter>
    </ClCompile>
    <ClCompile Include="..\src\tbprobe.cpp">
      <Filter>Source Files</Filter>
    </ClCompile>
    <ClCompile Include="..\src\EvalNet.cpp">
      <Filter>Source Files</Filter>
    </ClCompile>
    <ClCompile Include="..\src\Network.cpp">
      <Filter>Source Files</Filter>
    </ClCompile>
    <ClCompile Include="..\src\EvalCache.cpp">
      <Filter>Source Files</Filter>
    </ClCompile>
    <ClCompile Include="..\src\BoardParameters.cpp">
      <Filter>Source Files</Filter>
    </ClCompile>
    <ClCompile Include="..\src\SearchData.cpp">
      <Filter>Source Files</Filter>
    </ClCompile>
    <ClCompile Include="..\src\MoveGenerator.cpp">
      <Filter>Source Files</Filter>
    </ClCompile>
  </ItemGroup>
  <ItemGroup>
    <ClInclude Include="..\src\BitBoard.h">
      <Filter>Header Files</Filter>
    </ClInclude>
    <ClInclude Include="..\src\BitBoardDefine.h">
      <Filter>Header Files</Filter>
    </ClInclude>
    <ClInclude Include="..\src\Move.h">
      <Filter>Header Files</Filter>
    </ClInclude>
    <ClInclude Include="..\src\MoveGeneration.h">
      <Filter>Header Files</Filter>
    </ClInclude>
    <ClInclude Include="..\src\Position.h">
      <Filter>Header Files</Filter>
    </ClInclude>
    <ClInclude Include="..\src\Search.h">
      <Filter>Header Files</Filter>
    </ClInclude>
    <ClInclude Include="..\src\TimeManage.h">
      <Filter>Header Files</Filter>
    </ClInclude>
    <ClInclude Include="..\src\TranspositionTable.h">
      <Filter>Header Files</Filter>
    </ClInclude>
    <ClInclude Include="..\src\TTEntry.h">
      <Filter>Header Files</Filter>
    </ClInclude>
    <ClInclude Include="..\src\Zobrist.h">
      <Filter>Header Files</Filter>
    </ClInclude>
    <ClInclude Include="..\src\Benchmark.h">
      <Filter>Header Files</Filter>
    </ClInclude>
    <ClInclude Include="..\src\stdendian.h">
      <Filter>Header Files</Filter>
    </ClInclude>
    <ClInclude Include="..\src\tbconfig.h">
      <Filter>Header Files</Filter>
    </ClInclude>
    <ClInclude Include="..\src\tbprobe.h">
      <Filter>Header Files</Filter>
    </ClInclude>
    <ClInclude Include="..\src\EvalNet.h">
      <Filter>Header Files</Filter>
    </ClInclude>
    <ClInclude Include="resource.h">
      <Filter>Header Files</Filter>
    </ClInclude>
    <ClInclude Include="..\src\Network.h">
      <Filter>Header Files</Filter>
    </ClInclude>
    <ClInclude Include="..\src\EvalCache.h">
      <Filter>Header Files</Filter>
    </ClInclude>
    <ClInclude Include="..\src\BoardParameters.h">
      <Filter>Header Files</Filter>
    </ClInclude>
    <ClInclude Include="..\src\SearchData.h">
      <Filter>Header Files</Filter>
    </ClInclude>
    <ClInclude Include="..\src\MoveGenerator.h">
      <Filter>Header Files</Filter>
    </ClInclude>
  </ItemGroup>
  <ItemGroup>
    <Text Include="..\src\perftsuite.txt">
      <Filter>Resource Files</Filter>
    </Text>
  </ItemGroup>
</Project>